
Microsoft Visual Studio Solution File, Format Version 12.00
# Visual Studio 15
VisualStudioVersion = 15.0.27004.2002
MinimumVisualStudioVersion = 10.0.40219.1
Project("{FAE04EC0-301F-11D3-BF4B-00C04F79EFBC}") = "AphroBrowser", "AphroBrowser\AphroBrowser.csproj", "{0CCB27E2-E504-49E2-9F49-9D31135E7C9F}"
EndProject
Global
	GlobalSection(SolutionConfigurationPlatforms) = preSolution
		Debug|Any CPU = Debug|Any CPU
		Release|Any CPU = Release|Any CPU
	EndGlobalSection
	GlobalSection(ProjectConfigurationPlatforms) = postSolution
		{0CCB27E2-E504-49E2-9F49-9D31135E7C9F}.Debug|Any CPU.ActiveCfg = Debug|Any CPU
		{0CCB27E2-E504-49E2-9F49-9D31135E7C9F}.Debug|Any CPU.Build.0 = Debug|Any CPU
		{0CCB27E2-E504-49E2-9F49-9D31135E7C9F}.Release|Any CPU.ActiveCfg = Release|Any CPU
		{0CCB27E2-E504-49E2-9F49-9D31135E7C9F}.Release|Any CPU.Build.0 = Release|Any CPU
	EndGlobalSection
	GlobalSection(SolutionProperties) = preSolution
		HideSolutionNode = FALSE
	EndGlobalSection
	GlobalSection(ExtensibilityGlobals) = postSolution
		SolutionGuid = {FF88D792-1E44-48AA-8F9B-4E6F5BB65CEE}
	EndGlobalSection
EndGlobal
